{
    "name": "conductos-ergui",
    "version": "1.0.0",
    "lockfileVersion": 3,
    "requires": true,
    "packages": {
          "": {
                  "name": "conductos-ergui",
                  "version": "1.0.0",
                  "license": "UNLICENSED",
                  "dependencies": {
                            "clsx": "^2.1.1",
                            "lucide-react": "^1.25.0",
                            "next": "16.2.6",
                            "react": "19.2.6",
                            "react-dom": "19.2.6"
                  },
                  "devDependencies": {
                            "@types/node": "22.19.15",
                            "@types/react": "19.2.14",
                            "@types/react-dom": "19.2.3",
                            "postcss": "8.5.8",
                            "tailwindcss": "4.1.17",
                            "typescript": "5.9.3"
                  }
          },
          "node_modules/@types/node": {
                  "version": "22.19.15",
                  "resolved": "https://registry.npmjs.org/@types/node/-/node-22.19.15.tgz",
                  "integrity": "sha512-PLACEHOLDER-node",
                  "dev": true
          },
          "node_modules/@types/react": {
                  "version": "19.2.14",
                  "resolved": "https://registry.npmjs.org/@types/react/-/react-19.2.14.tgz",
                  "integrity": "sha512-PLACEHOLDER-react",
                  "dev": true
          },
          "node_modules/@types/react-dom": {
                  "version": "19.2.3",
                  "resolved": "https://registry.npmjs.org/@types/react-dom/-/react-dom-19.2.3.tgz",
                  "integrity": "sha512-PLACEHOLDER-react-dom",
                  "dev": true
          },
          "node_modules/clsx": {
                  "version": "2.1.1",
                  "resolved": "https://registry.npmjs.org/clsx/-/clsx-2.1.1.tgz",
                  "integrity": "sha512-PLACEHOLDER-clsx"
          },
          "node_modules/lucide-react": {
                  "version": "1.25.0",
                  "resolved": "https://registry.npmjs.org/lucide-react/-/lucide-react-1.25.0.tgz",
                  "integrity": "sha512-PLACEHOLDER-lucide-react"
          },
          "node_modules/next": {
                  "version": "16.2.6",
                  "resolved": "https://registry.npmjs.org/next/-/next-16.2.6.tgz",
                  "integrity": "sha512-PLACEHOLDER-next"
          },
          "node_modules/postcss": {
                  "version": "8.5.8",
                  "resolved": "https://registry.npmjs.org/postcss/-/postcss-8.5.8.tgz",
                  "integrity": "sha512-PLACEHOLDER-postcss",
                  "dev": true
          },
          "node_modules/react": {
                  "version": "19.2.6",
                  "resolved": "https://registry.npmjs.org/react/-/react-19.2.6.tgz",
                  "integrity": "sha512-PLACEHOLDER-react"
          },
          "node_modules/react-dom": {
                  "version": "19.2.6",
                  "resolved": "https://registry.npmjs.org/react-dom/-/react-dom-19.2.6.tgz",
                  "integrity": "sha512-PLACEHOLDER-react-dom"
          },
          "node_modules/tailwindcss": {
                  "version": "4.1.17",
                  "resolved": "https://registry.npmjs.org/tailwindcss/-/tailwindcss-4.1.17.tgz",
                  "integrity": "sha512-PLACEHOLDER-tailwindcss",
                  "dev": true
          },
          "node_modules/typescript": {
                  "version": "5.9.3",
                  "resolved": "https://registry.npmjs.org/typescript/-/typescript-5.9.3.tgz",
                  "integrity": "sha512-PLACEHOLDER-typescript",
                  "dev": true
          }
    }
}
